
Microsoft Visual Studio Solution File, Format Version 12.00
# Visual Studio 15
VisualStudioVersion = 15.0.28307.757
MinimumVisualStudioVersion = 10.0.40219.1
Project("{FAE04EC0-301F-11D3-BF4B-00C04F79EFBC}") = "Dance_school", "Dance_school\Dance_school.csproj", "{866D3B72-7606-422F-8E39-CE7AB204B560}"
EndProject
Project("{FAE04EC0-301F-11D3-BF4B-00C04F79EFBC}") = "Dance_school.Tests", "Dance_school.Tests\Dance_school.Tests.csproj", "{6AD5EE86-D272-4D73-8858-44054DDAF845}"
EndProject
Global
	GlobalSection(SolutionConfigurationPlatforms) = preSolution
		Debug|Any CPU = Debug|Any CPU
		Release|Any CPU = Release|Any CPU
	EndGlobalSection
	GlobalSection(ProjectConfigurationPlatforms) = postSolution
		{866D3B72-7606-422F-8E39-CE7AB204B560}.Debug|Any CPU.ActiveCfg = Debug|Any CPU
		{866D3B72-7606-422F-8E39-CE7AB204B560}.Debug|Any CPU.Build.0 = Debug|Any CPU
		{866D3B72-7606-422F-8E39-CE7AB204B560}.Release|Any CPU.ActiveCfg = Release|Any CPU
		{866D3B72-7606-422F-8E39-CE7AB204B560}.Release|Any CPU.Build.0 = Release|Any CPU
		{6AD5EE86-D272-4D73-8858-44054DDAF845}.Debug|Any CPU.ActiveCfg = Debug|Any CPU
		{6AD5EE86-D272-4D73-8858-44054DDAF845}.Debug|Any CPU.Build.0 = Debug|Any CPU
		{6AD5EE86-D272-4D73-8858-44054DDAF845}.Release|Any CPU.ActiveCfg = Release|Any CPU
		{6AD5EE86-D272-4D73-8858-44054DDAF845}.Release|Any CPU.Build.0 = Release|Any CPU
	EndGlobalSection
	GlobalSection(SolutionProperties) = preSolution
		HideSolutionNode = FALSE
	EndGlobalSection
	GlobalSection(ExtensibilityGlobals) = postSolution
		SolutionGuid = {F6CFE164-052E-4883-92D8-493EAA19121C}
	EndGlobalSection
EndGlobal
